// !$*UTF8*$!
{
	archiveVersion = 1;
	classes = {
	};
	objectVersion = 55;
	objects = {

/* Begin PBXBuildFile section */
		9FD685B72872E2D400DAB50E /* AppDelegate.swift in Sources */ = {isa = PBXBuildFile; fileRef = 9FD685B62872E2D400DAB50E /* AppDelegate.swift */; };
		9FD685B92872E2D400DAB50E /* SceneDelegate.swift in Sources */ = {isa = PBXBuildFile; fileRef = 9FD685B82872E2D400DAB50E /* SceneDelegate.swift */; };
		9FD685BB2872E2D400DAB50E /* ViewController.swift in Sources */ = {isa = PBXBuildFile; fileRef = 9FD685BA2872E2D400DAB50E /* ViewController.swift */; };
		9FD685BE2872E2D400DAB50E /* Main.storyboard in Resources */ = {isa = PBXBuildFile; fileRef = 9FD685BC2872E2D400DAB50E /* Main.storyboard */; };
		9FD685C02872E2D700DAB50E /* Assets.xcassets in Resources */ = {isa = PBXBuildFile; fileRef = 9FD685BF2872E2D700DAB50E /* Assets.xcassets */; };
		9FD685C32872E2D700DAB50E /* LaunchScreen.storyboard in Resources */ = {isa = PBXBuildFile; fileRef = 9FD685C12872E2D700DAB50E /* LaunchScreen.storyboard */; };
		9FD685CE2872E2D700DAB50E /* Intern_taskTests.swift in Sources */ = {isa = PBXBuildFile; fileRef = 9FD685CD2872E2D700DAB50E /* Intern_taskTests.swift */; };
		9FD685D82872E2D700DAB50E /* Intern_taskUITests.swift in Sources */ = {isa = PBXBuildFile; fileRef = 9FD685D72872E2D700DAB50E /* Intern_taskUITests.swift */; };
		9FD685DA2872E2D700DAB50E /* Intern_taskUITestsLaunchTests.swift in Sources */ = {isa = PBXBuildFile; fileRef = 9FD685D92872E2D700DAB50E /* Intern_taskUITestsLaunchTests.swift */; };
/* End PBXBuildFile section */

/* Begin PBXContainerItemProxy section */
		9FD685CA2872E2D700DAB50E /* PBXContainerItemProxy */ = {
			isa = PBXContainerItemProxy;
			containerPortal = 9FD685AB2872E2D400DAB50E /* Project object */;
			proxyType = 1;
			remoteGlobalIDString = 9FD685B22872E2D400DAB50E;
			remoteInfo = "Intern task";
		};
		9FD685D42872E2D700DAB50E /* PBXContainerItemProxy */ = {
			isa = PBXContainerItemProxy;
			containerPortal = 9FD685AB2872E2D400DAB50E /* Project object */;
			proxyType = 1;
			remoteGlobalIDString = 9FD685B22872E2D400DAB50E;
			remoteInfo = "Intern task";
		};
/* End PBXContainerItemProxy section */

/* Begin PBXFileReference section */
		9FD685B32872E2D400DAB50E /* Intern task.app */ = {isa = PBXFileReference; explicitFileType = wrapper.application; includeInIndex = 0; path = "Intern task.app"; sourceTree = BUILT_PRODUCTS_DIR; };
		9FD685B62872E2D400DAB50E /* AppDelegate.swift */ = {isa = PBXFileReference; lastKnownFileType = sourcecode.swift; path = AppDelegate.swift; sourceTree = "<group>"; };
		9FD685B82872E2D400DAB50E /* SceneDelegate.swift */ = {isa = PBXFileReference; lastKnownFileType = sourcecode.swift; path = SceneDelegate.swift; sourceTree = "<group>"; };
		9FD685BA2872E2D400DAB50E /* ViewController.swift */ = {isa = PBXFileReference; lastKnownFileType = sourcecode.swift; path = ViewController.swift; sourceTree = "<group>"; };
		9FD685BD2872E2D400DAB50E /* Base */ = {isa = PBXFileReference; lastKnownFileType = file.storyboard; name = Base; path = Base.lproj/Main.storyboard; sourceTree = "<group>"; };
		9FD685BF2872E2D700DAB50E /* Assets.xcassets */ = {isa = PBXFileReference; lastKnownFileType = folder.assetcatalog; path = Assets.xcassets; sourceTree = "<group>"; };
		9FD685C22872E2D700DAB50E /* Base */ = {isa = PBXFileReference; lastKnownFileType = file.storyboard; name = Base; path = Base.lproj/LaunchScreen.storyboard; sourceTree = "<group>"; };
		9FD685C42872E2D700DAB50E /* Info.plist */ = {isa = PBXFileReference; lastKnownFileType = text.plist.xml; path = Info.plist; sourceTree = "<group>"; };
		9FD685C92872E2D700DAB50E /* Intern taskTests.xctest */ = {isa = PBXFileReference; explicitFileType = wrapper.cfbundle; includeInIndex = 0; path = "Intern taskTests.xctest"; sourceTree = BUILT_PRODUCTS_DIR; };
		9FD685CD2872E2D700DAB50E /* Intern_taskTests.swift */ = {isa = PBXFileReference; lastKnownFileType = sourcecode.swift; path = Intern_taskTests.swift; sourceTree = "<group>"; };
		9FD685D32872E2D700DAB50E /* Intern taskUITests.xctest */ = {isa = PBXFileReference; explicitFileType = wrapper.cfbundle; includeInIndex = 0; path = "Intern taskUITests.xctest"; sourceTree = BUILT_PRODUCTS_DIR; };
		9FD685D72872E2D700DAB50E /* Intern_taskUITests.swift */ = {isa = PBXFileReference; lastKnownFileType = sourcecode.swift; path = Intern_taskUITests.swift; sourceTree = "<group>"; };
		9FD685D92872E2D700DAB50E /* Intern_taskUITestsLaunchTests.swift */ = {isa = PBXFileReference; lastKnownFileType = sourcecode.swift; path = Intern_taskUITestsLaunchTests.swift; sourceTree = "<group>"; };
/* End PBXFileReference section */

/* Begin PBXFrameworksBuildPhase section */
		9FD685B02872E2D400DAB50E /* Frameworks */ = {
			isa = PBXFrameworksBuildPhase;
			buildActionMask = 2147483647;
			files = (
			);
			runOnlyForDeploymentPostprocessing = 0;
		};
		9FD685C62872E2D700DAB50E /* Frameworks */ = {
			isa = PBXFrameworksBuildPhase;
			buildActionMask = 2147483647;
			files = (
			);
			runOnlyForDeploymentPostprocessing = 0;
		};
		9FD685D02872E2D700DAB50E /* Frameworks */ = {
			isa = PBXFrameworksBuildPhase;
			buildActionMask = 2147483647;
			files = (
			);
			runOnlyForDeploymentPostprocessing = 0;
		};
/* End PBXFrameworksBuildPhase section */

/* Begin PBXGroup section */
		9FD685AA2872E2D400DAB50E = {
			isa = PBXGroup;
			children = (
				9FD685B52872E2D400DAB50E /* Intern task */,
				9FD685CC2872E2D700DAB50E /* Intern taskTests */,
				9FD685D62872E2D700DAB50E /* Intern taskUITests */,
				9FD685B42872E2D400DAB50E /* Products */,
			);
			sourceTree = "<group>";
		};
		9FD685B42872E2D400DAB50E /* Products */ = {
			isa = PBXGroup;
			children = (
				9FD685B32872E2D400DAB50E /* Intern task.app */,
				9FD685C92872E2D700DAB50E /* Intern taskTests.xctest */,
				9FD685D32872E2D700DAB50E /* Intern taskUITests.xctest */,
			);
			name = Products;
			sourceTree = "<group>";
		};
		9FD685B52872E2D400DAB50E /* Intern task */ = {
			isa = PBXGroup;
			children = (
				9FD685B62872E2D400DAB50E /* AppDelegate.swift */,
				9FD685B82872E2D400DAB50E /* SceneDelegate.swift */,
				9FD685BA2872E2D400DAB50E /* ViewController.swift */,
				9FD685BC2872E2D400DAB50E /* Main.storyboard */,
				9FD685BF2872E2D700DAB50E /* Assets.xcassets */,
				9FD685C12872E2D700DAB50E /* LaunchScreen.storyboard */,
				9FD685C42872E2D700DAB50E /* Info.plist */,
			);
			path = "Intern task";
			sourceTree = "<group>";
		};
		9FD685CC2872E2D700DAB50E /* Intern taskTests */ = {
			isa = PBXGroup;
			children = (
				9FD685CD2872E2D700DAB50E /* Intern_taskTests.swift */,
			);
			path = "Intern taskTests";
			sourceTree = "<group>";
		};
		9FD685D62872E2D700DAB50E /* Intern taskUITests */ = {
			isa = PBXGroup;
			children = (
				9FD685D72872E2D700DAB50E /* Intern_taskUITests.swift */,
				9FD685D92872E2D700DAB50E /* Intern_taskUITestsLaunchTests.swift */,
			);
			path = "Intern taskUITests";
			sourceTree = "<group>";
		};
/* End PBXGroup section */

/* Begin PBXNativeTarget section */
		9FD685B22872E2D400DAB50E /* Intern task */ = {
			isa = PBXNativeTarget;
			buildConfigurationList = 9FD685DD2872E2D700DAB50E /* Build configuration list for PBXNativeTarget "Intern task" */;
			buildPhases = (
				9FD685AF2872E2D400DAB50E /* Sources */,
				9FD685B02872E2D400DAB50E /* Frameworks */,
				9FD685B12872E2D400DAB50E /* Resources */,
			);
			buildRules = (
			);
			dependencies = (
			);
			name = "Intern task";
			productName = "Intern task";
			productReference = 9FD685B32872E2D400DAB50E /* Intern task.app */;
			productType = "com.apple.product-type.application";
		};
		9FD685C82872E2D700DAB50E /* Intern taskTests */ = {
			isa = PBXNativeTarget;
			buildConfigurationList = 9FD685E02872E2D700DAB50E /* Build configuration list for PBXNativeTarget "Intern taskTests" */;
			buildPhases = (
				9FD685C52872E2D700DAB50E /* Sources */,
				9FD685C62872E2D700DAB50E /* Frameworks */,
				9FD685C72872E2D700DAB50E /* Resources */,
			);
			buildRules = (
			);
			dependencies = (
				9FD685CB2872E2D700DAB50E /* PBXTargetDependency */,
			);
			name = "Intern taskTests";
			productName = "Intern taskTests";
			productReference = 9FD685C92872E2D700DAB50E /* Intern taskTests.xctest */;
			productType = "com.apple.product-type.bundle.unit-test";
		};
		9FD685D22872E2D700DAB50E /* Intern taskUITests */ = {
			isa = PBXNativeTarget;
			buildConfigurationList = 9FD685E32872E2D700DAB50E /* Build configuration list for PBXNativeTarget "Intern taskUITests" */;
			buildPhases = (
				9FD685CF2872E2D700DAB50E /* Sources */,
				9FD685D02872E2D700DAB50E /* Frameworks */,
				9FD685D12872E2D700DAB50E /* Resources */,
			);
			buildRules = (
			);
			dependencies = (
				9FD685D52872E2D700DAB50E /* PBXTargetDependency */,
			);
			name = "Intern taskUITests";
			productName = "Intern taskUITests";
			productReference = 9FD685D32872E2D700DAB50E /* Intern taskUITests.xctest */;
			productType = "com.apple.product-type.bundle.ui-testing";
		};
/* End PBXNativeTarget section */

/* Begin PBXProject section */
		9FD685AB2872E2D400DAB50E /* Project object */ = {
			isa = PBXProject;
			attributes = {
				BuildIndependentTargetsInParallel = 1;
				LastSwiftUpdateCheck = 1320;
				LastUpgradeCheck = 1320;
				TargetAttributes = {
					9FD685B22872E2D400DAB50E = {
						CreatedOnToolsVersion = 13.2.1;
					};
					9FD685C82872E2D700DAB50E = {
						CreatedOnToolsVersion = 13.2.1;
						TestTargetID = 9FD685B22872E2D400DAB50E;
					};
					9FD685D22872E2D700DAB50E = {
						CreatedOnToolsVersion = 13.2.1;
						TestTargetID = 9FD685B22872E2D400DAB50E;
					};
				};
			};
			buildConfigurationList = 9FD685AE2872E2D400DAB50E /* Build configuration list for PBXProject "Intern task" */;
			compatibilityVersion = "Xcode 13.0";
			developmentRegion = en;
			hasScannedForEncodings = 0;
			knownRegions = (
				en,
				Base,
			);
			mainGroup = 9FD685AA2872E2D400DAB50E;
			productRefGroup = 9FD685B42872E2D400DAB50E /* Products */;
			projectDirPath = "";
			projectRoot = "";
			targets = (
				9FD685B22872E2D400DAB50E /* Intern task */,
				9FD685C82872E2D700DAB50E /* Intern taskTests */,
				9FD685D22872E2D700DAB50E /* Intern taskUITests */,
			);
		};
/* End PBXProject section */

/* Begin PBXResourcesBuildPhase section */
		9FD685B12872E2D400DAB50E /* Resources */ = {
			isa = PBXResourcesBuildPhase;
			buildActionMask = 2147483647;
			files = (
				9FD685C32872E2D700DAB50E /* LaunchScreen.storyboard in Resources */,
				9FD685C02872E2D700DAB50E /* Assets.xcassets in Resources */,
				9FD685BE2872E2D400DAB50E /* Main.storyboard in Resources */,
			);
			runOnlyForDeploymentPostprocessing = 0;
		};
		9FD685C72872E2D700DAB50E /* Resources */ = {
			isa = PBXResourcesBuildPhase;
			buildActionMask = 2147483647;
			files = (
			);
			runOnlyForDeploymentPostprocessing = 0;
		};
		9FD685D12872E2D700DAB50E /* Resources */ = {
			isa = PBXResourcesBuildPhase;
			buildActionMask = 2147483647;
			files = (
			);
			runOnlyForDeploymentPostprocessing = 0;
		};
/* End PBXResourcesBuildPhase section */

/* Begin PBXSourcesBuildPhase section */
		9FD685AF2872E2D400DAB50E /* Sources */ = {
			isa = PBXSourcesBuildPhase;
			buildActionMask = 2147483647;
			files = (
				9FD685BB2872E2D400DAB50E /* ViewController.swift in Sources */,
				9FD685B72872E2D400DAB50E /* AppDelegate.swift in Sources */,
				9FD685B92872E2D400DAB50E /* SceneDelegate.swift in Sources */,
			);
			runOnlyForDeploymentPostprocessing = 0;
		};
		9FD685C52872E2D700DAB50E /* Sources */ = {
			isa = PBXSourcesBuildPhase;
			buildActionMask = 2147483647;
			files = (
				9FD685CE2872E2D700DAB50E /* Intern_taskTests.swift in Sources */,
			);
			runOnlyForDeploymentPostprocessing = 0;
		};
		9FD685CF2872E2D700DAB50E /* Sources */ = {
			isa = PBXSourcesBuildPhase;
			buildActionMask = 2147483647;
			files = (
				9FD685D82872E2D700DAB50E /* Intern_taskUITests.swift in Sources */,
				9FD685DA2872E2D700DAB50E /* Intern_taskUITestsLaunchTests.swift in Sources */,
			);
			runOnlyForDeploymentPostprocessing = 0;
		};
/* End PBXSourcesBuildPhase section */

/* Begin PBXTargetDependency section */
		9FD685CB2872E2D700DAB50E /* PBXTargetDependency */ = {
			isa = PBXTargetDependency;
			target = 9FD685B22872E2D400DAB50E /* Intern task */;
			targetProxy = 9FD685CA2872E2D700DAB50E /* PBXContainerItemProxy */;
		};
		9FD685D52872E2D700DAB50E /* PBXTargetDependency */ = {
			isa = PBXTargetDependency;
			target = 9FD685B22872E2D400DAB50E /* Intern task */;
			targetProxy = 9FD685D42872E2D700DAB50E /* PBXContainerItemProxy */;
		};
/* End PBXTargetDependency section */

/* Begin PBXVariantGroup section */
		9FD685BC2872E2D400DAB50E /* Main.storyboard */ = {
			isa = PBXVariantGroup;
			children = (
				9FD685BD2872E2D400DAB50E /* Base */,
			);
			name = Main.storyboard;
			sourceTree = "<group>";
		};
		9FD685C12872E2D700DAB50E /* LaunchScreen.storyboard */ = {
			isa = PBXVariantGroup;
			children = (
				9FD685C22872E2D700DAB50E /* Base */,
			);
			name = LaunchScreen.storyboard;
			sourceTree = "<group>";
		};
/* End PBXVariantGroup section */

/* Begin XCBuildConfiguration section */
		9FD685DB2872E2D700DAB50E /* Debug */ = {
			isa = XCBuildConfiguration;
			buildSettings = {
				ALWAYS_SEARCH_USER_PATHS = NO;
				CLANG_ANALYZER_NONNULL = YES;
				CLANG_ANALYZER_NUMBER_OBJECT_CONVERSION = YES_AGGRESSIVE;
				CLANG_CXX_LANGUAGE_STANDARD = "gnu++17";
				CLANG_CXX_LIBRARY = "libc++";
				CLANG_ENABLE_MODULES = YES;
				CLANG_ENABLE_OBJC_ARC = YES;
				CLANG_ENABLE_OBJC_WEAK = YES;
				CLANG_WARN_BLOCK_CAPTURE_AUTORELEASING = YES;
				CLANG_WARN_BOOL_CONVERSION = YES;
				CLANG_WARN_COMMA = YES;
				CLANG_WARN_CONSTANT_CONVERSION = YES;
				CLANG_WARN_DEPRECATED_OBJC_IMPLEMENTATIONS = YES;
				CLANG_WARN_DIRECT_OBJC_ISA_USAGE = YES_ERROR;
				CLANG_WARN_DOCUMENTATION_COMMENTS = YES;
				CLANG_WARN_EMPTY_BODY = YES;
				CLANG_WARN_ENUM_CONVERSION = YES;
				CLANG_WARN_INFINITE_RECURSION = YES;
				CLANG_WARN_INT_CONVERSION = YES;
				CLANG_WARN_NON_LITERAL_NULL_CONVERSION = YES;
				CLANG_WARN_OBJC_IMPLICIT_RETAIN_SELF = YES;
				CLANG_WARN_OBJC_LITERAL_CONVERSION = YES;
				CLANG_WARN_OBJC_ROOT_CLASS = YES_ERROR;
				CLANG_WARN_QUOTED_INCLUDE_IN_FRAMEWORK_HEADER = YES;
				CLANG_WARN_RANGE_LOOP_ANALYSIS = YES;
				CLANG_WARN_STRICT_PROTOTYPES = YES;
				CLANG_WARN_SUSPICIOUS_MOVE = YES;
				CLANG_WARN_UNGUARDED_AVAILABILITY = YES_AGGRESSIVE;
				CLANG_WARN_UNREACHABLE_CODE = YES;
				CLANG_WARN__DUPLICATE_METHOD_MATCH = YES;
				COPY_PHASE_STRIP = NO;
				DEBUG_INFORMATION_FORMAT = dwarf;
				ENABLE_STRICT_OBJC_MSGSEND = YES;
				ENABLE_TESTABILITY = YES;
				GCC_C_LANGUAGE_STANDARD = gnu11;
				GCC_DYNAMIC_NO_PIC = NO;
				GCC_NO_COMMON_BLOCKS = YES;
				GCC_OPTIMIZATION_LEVEL = 0;
				GCC_PREPROCESSOR_DEFINITIONS = (
					"DEBUG=1",
					"$(inherited)",
				);
				GCC_WARN_64_TO_32_BIT_CONVERSION = YES;
				GCC_WARN_ABOUT_RETURN_TYPE = YES_ERROR;
				GCC_WARN_UNDECLARED_SELECTOR = YES;
				GCC_WARN_UNINITIALIZED_AUTOS = YES_AGGRESSIVE;
				GCC_WARN_UNUSED_FUNCTION = YES;
				GCC_WARN_UNUSED_VARIABLE = YES;
				IPHONEOS_DEPLOYMENT_TARGET = 15.2;
				MTL_ENABLE_DEBUG_INFO = INCLUDE_SOURCE;
				MTL_FAST_MATH = YES;
				ONLY_ACTIVE_ARCH = YES;
				SDKROOT = iphoneos;
				SWIFT_ACTIVE_COMPILATION_CONDITIONS = DEBUG;
				SWIFT_OPTIMIZATION_LEVEL = "-Onone";
			};
			name = Debug;
		};
		9FD685DC2872E2D700DAB50E /* Release */ = {
			isa = XCBuildConfiguration;
			buildSettings = {
				ALWAYS_SEARCH_USER_PATHS = NO;
				CLANG_ANALYZER_NONNULL = YES;
				CLANG_ANALYZER_NUMBER_OBJECT_CONVERSION = YES_AGGRESSIVE;
				CLANG_CXX_LANGUAGE_STANDARD = "gnu++17";
				CLANG_CXX_LIBRARY = "libc++";
				CLANG_ENABLE_MODULES = YES;
				CLANG_ENABLE_OBJC_ARC = YES;
				CLANG_ENABLE_OBJC_WEAK = YES;
				CLANG_WARN_BLOCK_CAPTURE_AUTORELEASING = YES;
				CLANG_WARN_BOOL_CONVERSION = YES;
				CLANG_WARN_COMMA = YES;
				CLANG_WARN_CONSTANT_CONVERSION = YES;
				CLANG_WARN_DEPRECATED_OBJC_IMPLEMENTATIONS = YES;
				CLANG_WARN_DIRECT_OBJC_ISA_USAGE = YES_ERROR;
				CLANG_WARN_DOCUMENTATION_COMMENTS = YES;
				CLANG_WARN_EMPTY_BODY = YES;
				CLANG_WARN_ENUM_CONVERSION = YES;
				CLANG_WARN_INFINITE_RECURSION = YES;
				CLANG_WARN_INT_CONVERSION = YES;
				CLANG_WARN_NON_LITERAL_NULL_CONVERSION = YES;
				CLANG_WARN_OBJC_IMPLICIT_RETAIN_SELF = YES;
				CLANG_WARN_OBJC_LITERAL_CONVERSION = YES;
				CLANG_WARN_OBJC_ROOT_CLASS = YES_ERROR;
				CLANG_WARN_QUOTED_INCLUDE_IN_FRAMEWORK_HEADER = YES;
				CLANG_WARN_RANGE_LOOP_ANALYSIS = YES;
				CLANG_WARN_STRICT_PROTOTYPES = YES;
				CLANG_WARN_SUSPICIOUS_MOVE = YES;
				CLANG_WARN_UNGUARDED_AVAILABILITY = YES_AGGRESSIVE;
				CLANG_WARN_UNREACHABLE_CODE = YES;
				CLANG_WARN__DUPLICATE_METHOD_MATCH = YES;
				COPY_PHASE_STRIP = NO;
				DEBUG_INFORMATION_FORMAT = "dwarf-with-dsym";
				ENABLE_NS_ASSERTIONS = NO;
				ENABLE_STRICT_OBJC_MSGSEND = YES;
				GCC_C_LANGUAGE_STANDARD = gnu11;
				GCC_NO_COMMON_BLOCKS = YES;
				GCC_WARN_64_TO_32_BIT_CONVERSION = YES;
				GCC_WARN_ABOUT_RETURN_TYPE = YES_ERROR;
				GCC_WARN_UNDECLARED_SELECTOR = YES;
				GCC_WARN_UNINITIALIZED_AUTOS = YES_AGGRESSIVE;
				GCC_WARN_UNUSED_FUNCTION = YES;
				GCC_WARN_UNUSED_VARIABLE = YES;
				IPHONEOS_DEPLOYMENT_TARGET = 15.2;
				MTL_ENABLE_DEBUG_INFO = NO;
				MTL_FAST_MATH = YES;
				SDKROOT = iphoneos;
				SWIFT_COMPILATION_MODE = wholemodule;
				SWIFT_OPTIMIZATION_LEVEL = "-O";
				VALIDATE_PRODUCT = YES;
			};
			name = Release;
		};
		9FD685DE2872E2D700DAB50E /* Debug */ = {
			isa = XCBuildConfiguration;
			buildSettings = {
				ASSETCATALOG_COMPILER_APPICON_NAME = AppIcon;
				ASSETCATALOG_COMPILER_GLOBAL_ACCENT_COLOR_NAME = AccentColor;
				CODE_SIGN_STYLE = Automatic;
				CURRENT_PROJECT_VERSION = 1;
				GENERATE_INFOPLIST_FILE = YES;
				INFOPLIST_FILE = "Intern task/Info.plist";
				INFOPLIST_KEY_UIApplicationSupportsIndirectInputEvents = YES;
				INFOPLIST_KEY_UILaunchStoryboardName = LaunchScreen;
				INFOPLIST_KEY_UIMainStoryboardFile = Main;
				INFOPLIST_KEY_UISupportedInterfaceOrientations_iPad = "UIInterfaceOrientationPortrait UIInterfaceOrientationPortraitUpsideDown UIInterfaceOrientationLandscapeLeft UIInterfaceOrientationLandscapeRight";
				INFOPLIST_KEY_UISupportedInterfaceOrientations_iPhone = "UIInterfaceOrientationPortrait UIInterfaceOrientationLandscapeLeft UIInterfaceOrientationLandscapeRight";
				LD_RUNPATH_SEARCH_PATHS = (
					"$(inherited)",
					"@executable_path/Frameworks",
				);
				MARKETING_VERSION = 1.0;
				PRODUCT_BUNDLE_IDENTIFIER = "jj.Intern-task";
				PRODUCT_NAME = "$(TARGET_NAME)";
				SWIFT_EMIT_LOC_STRINGS = YES;
				SWIFT_VERSION = 5.0;
				TARGETED_DEVICE_FAMILY = "1,2";
			};
			name = Debug;
		};
		9FD685DF2872E2D700DAB50E /* Release */ = {
			isa = XCBuildConfiguration;
			buildSettings = {
				ASSETCATALOG_COMPILER_APPICON_NAME = AppIcon;
				ASSETCATALOG_COMPILER_GLOBAL_ACCENT_COLOR_NAME = AccentColor;
				CODE_SIGN_STYLE = Automatic;
				CURRENT_PROJECT_VERSION = 1;
				GENERATE_INFOPLIST_FILE = YES;
				INFOPLIST_FILE = "Intern task/Info.plist";
				INFOPLIST_KEY_UIApplicationSupportsIndirectInputEvents = YES;
				INFOPLIST_KEY_UILaunchStoryboardName = LaunchScreen;
				INFOPLIST_KEY_UIMainStoryboardFile = Main;
				INFOPLIST_KEY_UISupportedInterfaceOrientations_iPad = "UIInterfaceOrientationPortrait UIInterfaceOrientationPortraitUpsideDown UIInterfaceOrientationLandscapeLeft UIInterfaceOrientationLandscapeRight";
				INFOPLIST_KEY_UISupportedInterfaceOrientations_iPhone = "UIInterfaceOrientationPortrait UIInterfaceOrientationLandscapeLeft UIInterfaceOrientationLandscapeRight";
				LD_RUNPATH_SEARCH_PATHS = (
					"$(inherited)",
					"@executable_path/Frameworks",
				);
				MARKETING_VERSION = 1.0;
				PRODUCT_BUNDLE_IDENTIFIER = "jj.Intern-task";
				PRODUCT_NAME = "$(TARGET_NAME)";
				SWIFT_EMIT_LOC_STRINGS = YES;
				SWIFT_VERSION = 5.0;
				TARGETED_DEVICE_FAMILY = "1,2";
			};
			name = Release;
		};
		9FD685E12872E2D700DAB50E /* Debug */ = {
			isa = XCBuildConfiguration;
			buildSettings = {
				ALWAYS_EMBED_SWIFT_STANDARD_LIBRARIES = YES;
				BUNDLE_LOADER = "$(TEST_HOST)";
				CODE_SIGN_STYLE = Automatic;
				CURRENT_PROJECT_VERSION = 1;
				GENERATE_INFOPLIST_FILE = YES;
				IPHONEOS_DEPLOYMENT_TARGET = 15.2;
				MARKETING_VERSION = 1.0;
				PRODUCT_BUNDLE_IDENTIFIER = "jj.Intern-taskTests";
				PRODUCT_NAME = "$(TARGET_NAME)";
				SWIFT_EMIT_LOC_STRINGS = NO;
				SWIFT_VERSION = 5.0;
				TARGETED_DEVICE_FAMILY = "1,2";
				TEST_HOST = "$(BUILT_PRODUCTS_DIR)/Intern task.app/Intern task";
			};
			name = Debug;
		};
		9FD685E22872E2D700DAB50E /* Release */ = {
			isa = XCBuildConfiguration;
			buildSettings = {
				ALWAYS_EMBED_SWIFT_STANDARD_LIBRARIES = YES;
				BUNDLE_LOADER = "$(TEST_HOST)";
				CODE_SIGN_STYLE = Automatic;
				CURRENT_PROJECT_VERSION = 1;
				GENERATE_INFOPLIST_FILE = YES;
				IPHONEOS_DEPLOYMENT_TARGET = 15.2;
				MARKETING_VERSION = 1.0;
				PRODUCT_BUNDLE_IDENTIFIER = "jj.Intern-taskTests";
				PRODUCT_NAME = "$(TARGET_NAME)";
				SWIFT_EMIT_LOC_STRINGS = NO;
				SWIFT_VERSION = 5.0;
				TARGETED_DEVICE_FAMILY = "1,2";
				TEST_HOST = "$(BUILT_PRODUCTS_DIR)/Intern task.app/Intern task";
			};
			name = Release;
		};
		9FD685E42872E2D700DAB50E /* Debug */ = {
			isa = XCBuildConfiguration;
			buildSettings = {
				ALWAYS_EMBED_SWIFT_STANDARD_LIBRARIES = YES;
				CODE_SIGN_STYLE = Automatic;
				CURRENT_PROJECT_VERSION = 1;
				GENERATE_INFOPLIST_FILE = YES;
				MARKETING_VERSION = 1.0;
				PRODUCT_BUNDLE_IDENTIFIER = "jj.Intern-taskUITests";
				PRODUCT_NAME = "$(TARGET_NAME)";
				SWIFT_EMIT_LOC_STRINGS = NO;
				SWIFT_VERSION = 5.0;
				TARGETED_DEVICE_FAMILY = "1,2";
				TEST_TARGET_NAME = "Intern task";
			};
			name = Debug;
		};
		9FD685E52872E2D700DAB50E /* Release */ = {
			isa = XCBuildConfiguration;
			buildSettings = {
				ALWAYS_EMBED_SWIFT_STANDARD_LIBRARIES = YES;
				CODE_SIGN_STYLE = Automatic;
				CURRENT_PROJECT_VERSION = 1;
				GENERATE_INFOPLIST_FILE = YES;
				MARKETING_VERSION = 1.0;
				PRODUCT_BUNDLE_IDENTIFIER = "jj.Intern-taskUITests";
				PRODUCT_NAME = "$(TARGET_NAME)";
				SWIFT_EMIT_LOC_STRINGS = NO;
				SWIFT_VERSION = 5.0;
				TARGETED_DEVICE_FAMILY = "1,2";
				TEST_TARGET_NAME = "Intern task";
			};
			name = Release;
		};
/* End XCBuildConfiguration section */

/* Begin XCConfigurationList section */
		9FD685AE2872E2D400DAB50E /* Build configuration list for PBXProject "Intern task" */ = {
			isa = XCConfigurationList;
			buildConfigurations = (
				9FD685DB2872E2D700DAB50E /* Debug */,
				9FD685DC2872E2D700DAB50E /* Release */,
			);
			defaultConfigurationIsVisible = 0;
			defaultConfigurationName = Release;
		};
		9FD685DD2872E2D700DAB50E /* Build configuration list for PBXNativeTarget "Intern task" */ = {
			isa = XCConfigurationList;
			buildConfigurations = (
				9FD685DE2872E2D700DAB50E /* Debug */,
				9FD685DF2872E2D700DAB50E /* Release */,
			);
			defaultConfigurationIsVisible = 0;
			defaultConfigurationName = Release;
		};
		9FD685E02872E2D700DAB50E /* Build configuration list for PBXNativeTarget "Intern taskTests" */ = {
			isa = XCConfigurationList;
			buildConfigurations = (
				9FD685E12872E2D700DAB50E /* Debug */,
				9FD685E22872E2D700DAB50E /* Release */,
			);
			defaultConfigurationIsVisible = 0;
			defaultConfigurationName = Release;
		};
		9FD685E32872E2D700DAB50E /* Build configuration list for PBXNativeTarget "Intern taskUITests" */ = {
			isa = XCConfigurationList;
			buildConfigurations = (
				9FD685E42872E2D700DAB50E /* Debug */,
				9FD685E52872E2D700DAB50E /* Release */,
			);
			defaultConfigurationIsVisible = 0;
			defaultConfigurationName = Release;
		};
/* End XCConfigurationList section */
	};
	rootObject = 9FD685AB2872E2D400DAB50E /* Project object */;
}
